# THIS IS AN AUTOGENERATED FILE. DO NOT EDIT THIS FILE DIRECTLY.
# yarn lockfile v1


string-similarity@3.0.0:
  version "3.0.0"
  resolved "https://registry.yarnpkg.com/string-similarity/-/string-similarity-3.0.0.tgz#07b0bc69fae200ad88ceef4983878d03793847c7"
  integrity sha512-7kS7LyTp56OqOI2BDWQNVnLX/rCxIQn+/5M0op1WV6P8Xx6TZNdajpuqQdiJ7Xx+p1C5CsWMvdiBp9ApMhxzEQ==
